// !$*UTF8*$!
{
	archiveVersion = 1;
	classes = {
	};
	objectVersion = 51;
	objects = {

/* Begin PBXBuildFile section */
		784BF98723CE401F0064DF30 /* AppDelegate.swift in Sources */ = {isa = PBXBuildFile; fileRef = 784BF98623CE401F0064DF30 /* AppDelegate.swift */; };
		784BF98923CE401F0064DF30 /* SceneDelegate.swift in Sources */ = {isa = PBXBuildFile; fileRef = 784BF98823CE401F0064DF30 /* SceneDelegate.swift */; };
		784BF98B23CE401F0064DF30 /* ViewController.swift in Sources */ = {isa = PBXBuildFile; fileRef = 784BF98A23CE401F0064DF30 /* ViewController.swift */; };
		784BF98E23CE401F0064DF30 /* Main.storyboard in Resources */ = {isa = PBXBuildFile; fileRef = 784BF98C23CE401F0064DF30 /* Main.storyboard */; };
		784BF99023CE40220064DF30 /* Assets.xcassets in Resources */ = {isa = PBXBuildFile; fileRef = 784BF98F23CE40220064DF30 /* Assets.xcassets */; };
		784BF99323CE40220064DF30 /* LaunchScreen.storyboard in Resources */ = {isa = PBXBuildFile; fileRef = 784BF99123CE40220064DF30 /* LaunchScreen.storyboard */; };
		78D5535623CF926300009ED1 /* adjustGoals.swift in Sources */ = {isa = PBXBuildFile; fileRef = 78D5535523CF926300009ED1 /* adjustGoals.swift */; };
		805F914F23D929BF00AA3986 /* viewHistory.swift in Sources */ = {isa = PBXBuildFile; fileRef = 805F914E23D929BF00AA3986 /* viewHistory.swift */; };
		F22A4774C9E146BE475AC688 /* Pods_H2O.framework in Frameworks */ = {isa = PBXBuildFile; fileRef = 134B61F6A269EA69FBB0C60A /* Pods_H2O.framework */; };
/* End PBXBuildFile section */

/* Begin PBXFileReference section */
		134B61F6A269EA69FBB0C60A /* Pods_H2O.framework */ = {isa = PBXFileReference; explicitFileType = wrapper.framework; includeInIndex = 0; path = Pods_H2O.framework; sourceTree = BUILT_PRODUCTS_DIR; };
		784BF98323CE401F0064DF30 /* H2O.app */ = {isa = PBXFileReference; explicitFileType = wrapper.application; includeInIndex = 0; path = H2O.app; sourceTree = BUILT_PRODUCTS_DIR; };
		784BF98623CE401F0064DF30 /* AppDelegate.swift */ = {isa = PBXFileReference; lastKnownFileType = sourcecode.swift; path = AppDelegate.swift; sourceTree = "<group>"; };
		784BF98823CE401F0064DF30 /* SceneDelegate.swift */ = {isa = PBXFileReference; lastKnownFileType = sourcecode.swift; path = SceneDelegate.swift; sourceTree = "<group>"; };
		784BF98A23CE401F0064DF30 /* ViewController.swift */ = {isa = PBXFileReference; lastKnownFileType = sourcecode.swift; path = ViewController.swift; sourceTree = "<group>"; };
		784BF98D23CE401F0064DF30 /* Base */ = {isa = PBXFileReference; lastKnownFileType = file.storyboard; name = Base; path = Base.lproj/Main.storyboard; sourceTree = "<group>"; };
		784BF98F23CE40220064DF30 /* Assets.xcassets */ = {isa = PBXFileReference; lastKnownFileType = folder.assetcatalog; path = Assets.xcassets; sourceTree = "<group>"; };
		784BF99223CE40220064DF30 /* Base */ = {isa = PBXFileReference; lastKnownFileType = file.storyboard; name = Base; path = Base.lproj/LaunchScreen.storyboard; sourceTree = "<group>"; };
		784BF99423CE40220064DF30 /* Info.plist */ = {isa = PBXFileReference; lastKnownFileType = text.plist.xml; path = Info.plist; sourceTree = "<group>"; };
		78D5535523CF926300009ED1 /* adjustGoals.swift */ = {isa = PBXFileReference; lastKnownFileType = sourcecode.swift; path = adjustGoals.swift; sourceTree = "<group>"; };
		805F914E23D929BF00AA3986 /* viewHistory.swift */ = {isa = PBXFileReference; lastKnownFileType = sourcecode.swift; path = viewHistory.swift; sourceTree = "<group>"; };
		F0E30678B76C48A200D50C14 /* Pods-H2O.debug.xcconfig */ = {isa = PBXFileReference; includeInIndex = 1; lastKnownFileType = text.xcconfig; name = "Pods-H2O.debug.xcconfig"; path = "Target Support Files/Pods-H2O/Pods-H2O.debug.xcconfig"; sourceTree = "<group>"; };
		FFC2A523395FF993A7BBB6EB /* Pods-H2O.release.xcconfig */ = {isa = PBXFileReference; includeInIndex = 1; lastKnownFileType = text.xcconfig; name = "Pods-H2O.release.xcconfig"; path = "Target Support Files/Pods-H2O/Pods-H2O.release.xcconfig"; sourceTree = "<group>"; };
/* End PBXFileReference section */

/* Begin PBXFrameworksBuildPhase section */
		784BF98023CE401F0064DF30 /* Frameworks */ = {
			isa = PBXFrameworksBuildPhase;
			buildActionMask = 2147483647;
			files = (
				F22A4774C9E146BE475AC688 /* Pods_H2O.framework in Frameworks */,
			);
			runOnlyForDeploymentPostprocessing = 0;
		};
/* End PBXFrameworksBuildPhase section */

/* Begin PBXGroup section */
		718C467249C2C749BAB93975 /* Pods */ = {
			isa = PBXGroup;
			children = (
				F0E30678B76C48A200D50C14 /* Pods-H2O.debug.xcconfig */,
				FFC2A523395FF993A7BBB6EB /* Pods-H2O.release.xcconfig */,
			);
			path = Pods;
			sourceTree = "<group>";
		};
		784BF97A23CE401F0064DF30 = {
			isa = PBXGroup;
			children = (
				784BF98523CE401F0064DF30 /* H2O */,
				784BF98423CE401F0064DF30 /* Products */,
				718C467249C2C749BAB93975 /* Pods */,
				EA6905F0CCF6701734A2B909 /* Frameworks */,
			);
			sourceTree = "<group>";
		};
		784BF98423CE401F0064DF30 /* Products */ = {
			isa = PBXGroup;
			children = (
				784BF98323CE401F0064DF30 /* H2O.app */,
			);
			name = Products;
			sourceTree = "<group>";
		};
		784BF98523CE401F0064DF30 /* H2O */ = {
			isa = PBXGroup;
			children = (
				784BF98623CE401F0064DF30 /* AppDelegate.swift */,
				784BF98823CE401F0064DF30 /* SceneDelegate.swift */,
				784BF98A23CE401F0064DF30 /* ViewController.swift */,
				805F914E23D929BF00AA3986 /* viewHistory.swift */,
				78D5535523CF926300009ED1 /* adjustGoals.swift */,
				784BF98C23CE401F0064DF30 /* Main.storyboard */,
				784BF98F23CE40220064DF30 /* Assets.xcassets */,
				784BF99123CE40220064DF30 /* LaunchScreen.storyboard */,
				784BF99423CE40220064DF30 /* Info.plist */,
			);
			path = H2O;
			sourceTree = "<group>";
		};
		EA6905F0CCF6701734A2B909 /* Frameworks */ = {
			isa = PBXGroup;
			children = (
				134B61F6A269EA69FBB0C60A /* Pods_H2O.framework */,
			);
			name = Frameworks;
			sourceTree = "<group>";
		};
/* End PBXGroup section */

/* Begin PBXNativeTarget section */
		784BF98223CE401F0064DF30 /* H2O */ = {
			isa = PBXNativeTarget;
			buildConfigurationList = 784BF99723CE40220064DF30 /* Build configuration list for PBXNativeTarget "H2O" */;
			buildPhases = (
				18ABEE21FA54AFECA5F54124 /* [CP] Check Pods Manifest.lock */,
				784BF97F23CE401F0064DF30 /* Sources */,
				784BF98023CE401F0064DF30 /* Frameworks */,
				784BF98123CE401F0064DF30 /* Resources */,
				63E39F4BEBDBC4C9620CDC8B /* [CP] Embed Pods Frameworks */,
			);
			buildRules = (
			);
			dependencies = (
			);
			name = H2O;
			productName = H2O;
			productReference = 784BF98323CE401F0064DF30 /* H2O.app */;
			productType = "com.apple.product-type.application";
		};
/* End PBXNativeTarget section */

/* Begin PBXProject section */
		784BF97B23CE401F0064DF30 /* Project object */ = {
			isa = PBXProject;
			attributes = {
				LastSwiftUpdateCheck = 1130;
				LastUpgradeCheck = 1130;
				ORGANIZATIONNAME = oeldoronki80;
				TargetAttributes = {
					784BF98223CE401F0064DF30 = {
						CreatedOnToolsVersion = 11.3.1;
					};
				};
			};
			buildConfigurationList = 784BF97E23CE401F0064DF30 /* Build configuration list for PBXProject "H2O" */;
			compatibilityVersion = "Xcode 9.3";
			developmentRegion = en;
			hasScannedForEncodings = 0;
			knownRegions = (
				en,
				Base,
			);
			mainGroup = 784BF97A23CE401F0064DF30;
			productRefGroup = 784BF98423CE401F0064DF30 /* Products */;
			projectDirPath = "";
			projectRoot = "";
			targets = (
				784BF98223CE401F0064DF30 /* H2O */,
			);
		};
/* End PBXProject section */

/* Begin PBXResourcesBuildPhase section */
		784BF98123CE401F0064DF30 /* Resources */ = {
			isa = PBXResourcesBuildPhase;
			buildActionMask = 2147483647;
			files = (
				784BF99323CE40220064DF30 /* LaunchScreen.storyboard in Resources */,
				784BF99023CE40220064DF30 /* Assets.xcassets in Resources */,
				784BF98E23CE401F0064DF30 /* Main.storyboard in Resources */,
			);
			runOnlyForDeploymentPostprocessing = 0;
		};
/* End PBXResourcesBuildPhase section */

/* Begin PBXShellScriptBuildPhase section */
		18ABEE21FA54AFECA5F54124 /* [CP] Check Pods Manifest.lock */ = {
			isa = PBXShellScriptBuildPhase;
			buildActionMask = 2147483647;
			files = (
			);
			inputFileListPaths = (
			);
			inputPaths = (
				"${PODS_PODFILE_DIR_PATH}/Podfile.lock",
				"${PODS_ROOT}/Manifest.lock",
			);
			name = "[CP] Check Pods Manifest.lock";
			outputFileListPaths = (
			);
			outputPaths = (
				"$(DERIVED_FILE_DIR)/Pods-H2O-checkManifestLockResult.txt",
			);
			runOnlyForDeploymentPostprocessing = 0;
			shellPath = /bin/sh;
			shellScript = "diff \"${PODS_PODFILE_DIR_PATH}/Podfile.lock\" \"${PODS_ROOT}/Manifest.lock\" > /dev/null\nif [ $? != 0 ] ; then\n    # print error to STDERR\n    echo \"error: The sandbox is not in sync with the Podfile.lock. Run 'pod install' or update your CocoaPods installation.\" >&2\n    exit 1\nfi\n# This output is used by Xcode 'outputs' to avoid re-running this script phase.\necho \"SUCCESS\" > \"${SCRIPT_OUTPUT_FILE_0}\"\n";
			showEnvVarsInLog = 0;
		};
		63E39F4BEBDBC4C9620CDC8B /* [CP] Embed Pods Frameworks */ = {
			isa = PBXShellScriptBuildPhase;
			buildActionMask = 2147483647;
			files = (
			);
			inputFileListPaths = (
				"${PODS_ROOT}/Target Support Files/Pods-H2O/Pods-H2O-frameworks-${CONFIGURATION}-input-files.xcfilelist",
			);
			name = "[CP] Embed Pods Frameworks";
			outputFileListPaths = (
				"${PODS_ROOT}/Target Support Files/Pods-H2O/Pods-H2O-frameworks-${CONFIGURATION}-output-files.xcfilelist",
			);
			runOnlyForDeploymentPostprocessing = 0;
			shellPath = /bin/sh;
			shellScript = "\"${PODS_ROOT}/Target Support Files/Pods-H2O/Pods-H2O-frameworks.sh\"\n";
			showEnvVarsInLog = 0;
		};
/* End PBXShellScriptBuildPhase section */

/* Begin PBXSourcesBuildPhase section */
		784BF97F23CE401F0064DF30 /* Sources */ = {
			isa = PBXSourcesBuildPhase;
			buildActionMask = 2147483647;
			files = (
				784BF98B23CE401F0064DF30 /* ViewController.swift in Sources */,
				805F914F23D929BF00AA3986 /* viewHistory.swift in Sources */,
				78D5535623CF926300009ED1 /* adjustGoals.swift in Sources */,
				784BF98723CE401F0064DF30 /* AppDelegate.swift in Sources */,
				784BF98923CE401F0064DF30 /* SceneDelegate.swift in Sources */,
			);
			runOnlyForDeploymentPostprocessing = 0;
		};
/* End PBXSourcesBuildPhase section */

/* Begin PBXVariantGroup section */
		784BF98C23CE401F0064DF30 /* Main.storyboard */ = {
			isa = PBXVariantGroup;
			children = (
				784BF98D23CE401F0064DF30 /* Base */,
			);
			name = Main.storyboard;
			sourceTree = "<group>";
		};
		784BF99123CE40220064DF30 /* LaunchScreen.storyboard */ = {
			isa = PBXVariantGroup;
			children = (
				784BF99223CE40220064DF30 /* Base */,
			);
			name = LaunchScreen.storyboard;
			sourceTree = "<group>";
		};
/* End PBXVariantGroup section */

/* Begin XCBuildConfiguration section */
		784BF99523CE40220064DF30 /* Debug */ = {
			isa = XCBuildConfiguration;
			buildSettings = {
				ALWAYS_SEARCH_USER_PATHS = NO;
				CLANG_ANALYZER_NONNULL = YES;
				CLANG_ANALYZER_NUMBER_OBJECT_CONVERSION = YES_AGGRESSIVE;
				CLANG_CXX_LANGUAGE_STANDARD = "gnu++14";
				CLANG_CXX_LIBRARY = "libc++";
				CLANG_ENABLE_MODULES = YES;
				CLANG_ENABLE_OBJC_ARC = YES;
				CLANG_ENABLE_OBJC_WEAK = YES;
				CLANG_WARN_BLOCK_CAPTURE_AUTORELEASING = YES;
				CLANG_WARN_BOOL_CONVERSION = YES;
				CLANG_WARN_COMMA = YES;
				CLANG_WARN_CONSTANT_CONVERSION = YES;
				CLANG_WARN_DEPRECATED_OBJC_IMPLEMENTATIONS = YES;
				CLANG_WARN_DIRECT_OBJC_ISA_USAGE = YES_ERROR;
				CLANG_WARN_DOCUMENTATION_COMMENTS = YES;
				CLANG_WARN_EMPTY_BODY = YES;
				CLANG_WARN_ENUM_CONVERSION = YES;
				CLANG_WARN_INFINITE_RECURSION = YES;
				CLANG_WARN_INT_CONVERSION = YES;
				CLANG_WARN_NON_LITERAL_NULL_CONVERSION = YES;
				CLANG_WARN_OBJC_IMPLICIT_RETAIN_SELF = YES;
				CLANG_WARN_OBJC_LITERAL_CONVERSION = YES;
				CLANG_WARN_OBJC_ROOT_CLASS = YES_ERROR;
				CLANG_WARN_RANGE_LOOP_ANALYSIS = YES;
				CLANG_WARN_STRICT_PROTOTYPES = YES;
				CLANG_WARN_SUSPICIOUS_MOVE = YES;
				CLANG_WARN_UNGUARDED_AVAILABILITY = YES_AGGRESSIVE;
				CLANG_WARN_UNREACHABLE_CODE = YES;
				CLANG_WARN__DUPLICATE_METHOD_MATCH = YES;
				COPY_PHASE_STRIP = NO;
				DEBUG_INFORMATION_FORMAT = dwarf;
				ENABLE_STRICT_OBJC_MSGSEND = YES;
				ENABLE_TESTABILITY = YES;
				GCC_C_LANGUAGE_STANDARD = gnu11;
				GCC_DYNAMIC_NO_PIC = NO;
				GCC_NO_COMMON_BLOCKS = YES;
				GCC_OPTIMIZATION_LEVEL = 0;
				GCC_PREPROCESSOR_DEFINITIONS = (
					"DEBUG=1",
					"$(inherited)",
				);
				GCC_WARN_64_TO_32_BIT_CONVERSION = YES;
				GCC_WARN_ABOUT_RETURN_TYPE = YES_ERROR;
				GCC_WARN_UNDECLARED_SELECTOR = YES;
				GCC_WARN_UNINITIALIZED_AUTOS = YES_AGGRESSIVE;
				GCC_WARN_UNUSED_FUNCTION = YES;
				GCC_WARN_UNUSED_VARIABLE = YES;
				IPHONEOS_DEPLOYMENT_TARGET = 13.1;
				MTL_ENABLE_DEBUG_INFO = INCLUDE_SOURCE;
				MTL_FAST_MATH = YES;
				ONLY_ACTIVE_ARCH = YES;
				SDKROOT = iphoneos;
				SWIFT_ACTIVE_COMPILATION_CONDITIONS = DEBUG;
				SWIFT_OPTIMIZATION_LEVEL = "-Onone";
			};
			name = Debug;
		};
		784BF99623CE40220064DF30 /* Release */ = {
			isa = XCBuildConfiguration;
			buildSettings = {
				ALWAYS_SEARCH_USER_PATHS = NO;
				CLANG_ANALYZER_NONNULL = YES;
				CLANG_ANALYZER_NUMBER_OBJECT_CONVERSION = YES_AGGRESSIVE;
				CLANG_CXX_LANGUAGE_STANDARD = "gnu++14";
				CLANG_CXX_LIBRARY = "libc++";
				CLANG_ENABLE_MODULES = YES;
				CLANG_ENABLE_OBJC_ARC = YES;
				CLANG_ENABLE_OBJC_WEAK = YES;
				CLANG_WARN_BLOCK_CAPTURE_AUTORELEASING = YES;
				CLANG_WARN_BOOL_CONVERSION = YES;
				CLANG_WARN_COMMA = YES;
				CLANG_WARN_CONSTANT_CONVERSION = YES;
				CLANG_WARN_DEPRECATED_OBJC_IMPLEMENTATIONS = YES;
				CLANG_WARN_DIRECT_OBJC_ISA_USAGE = YES_ERROR;
				CLANG_WARN_DOCUMENTATION_COMMENTS = YES;
				CLANG_WARN_EMPTY_BODY = YES;
				CLANG_WARN_ENUM_CONVERSION = YES;
				CLANG_WARN_INFINITE_RECURSION = YES;
				CLANG_WARN_INT_CONVERSION = YES;
				CLANG_WARN_NON_LITERAL_NULL_CONVERSION = YES;
				CLANG_WARN_OBJC_IMPLICIT_RETAIN_SELF = YES;
				CLANG_WARN_OBJC_LITERAL_CONVERSION = YES;
				CLANG_WARN_OBJC_ROOT_CLASS = YES_ERROR;
				CLANG_WARN_RANGE_LOOP_ANALYSIS = YES;
				CLANG_WARN_STRICT_PROTOTYPES = YES;
				CLANG_WARN_SUSPICIOUS_MOVE = YES;
				CLANG_WARN_UNGUARDED_AVAILABILITY = YES_AGGRESSIVE;
				CLANG_WARN_UNREACHABLE_CODE = YES;
				CLANG_WARN__DUPLICATE_METHOD_MATCH = YES;
				COPY_PHASE_STRIP = NO;
				DEBUG_INFORMATION_FORMAT = "dwarf-with-dsym";
				ENABLE_NS_ASSERTIONS = NO;
				ENABLE_STRICT_OBJC_MSGSEND = YES;
				GCC_C_LANGUAGE_STANDARD = gnu11;
				GCC_NO_COMMON_BLOCKS = YES;
				GCC_WARN_64_TO_32_BIT_CONVERSION = YES;
				GCC_WARN_ABOUT_RETURN_TYPE = YES_ERROR;
				GCC_WARN_UNDECLARED_SELECTOR = YES;
				GCC_WARN_UNINITIALIZED_AUTOS = YES_AGGRESSIVE;
				GCC_WARN_UNUSED_FUNCTION = YES;
				GCC_WARN_UNUSED_VARIABLE = YES;
				IPHONEOS_DEPLOYMENT_TARGET = 13.1;
				MTL_ENABLE_DEBUG_INFO = NO;
				MTL_FAST_MATH = YES;
				SDKROOT = iphoneos;
				SWIFT_COMPILATION_MODE = wholemodule;
				SWIFT_OPTIMIZATION_LEVEL = "-O";
				VALIDATE_PRODUCT = YES;
			};
			name = Release;
		};
		784BF99823CE40220064DF30 /* Debug */ = {
			isa = XCBuildConfiguration;
			baseConfigurationReference = F0E30678B76C48A200D50C14 /* Pods-H2O.debug.xcconfig */;
			buildSettings = {
				ASSETCATALOG_COMPILER_APPICON_NAME = AppIcon;
				CODE_SIGN_STYLE = Automatic;
				DEVELOPMENT_TEAM = C868KM7L9M;
				INFOPLIST_FILE = H2O/Info.plist;
				LD_RUNPATH_SEARCH_PATHS = (
					"$(inherited)",
					"@executable_path/Frameworks",
				);
				PRODUCT_BUNDLE_IDENTIFIER = oeldoronki80.H2O;
				PRODUCT_NAME = "$(TARGET_NAME)";
				SWIFT_VERSION = 5.0;
				TARGETED_DEVICE_FAMILY = "1,2";
			};
			name = Debug;
		};
		784BF99923CE40220064DF30 /* Release */ = {
			isa = XCBuildConfiguration;
			baseConfigurationReference = FFC2A523395FF993A7BBB6EB /* Pods-H2O.release.xcconfig */;
			buildSettings = {
				ASSETCATALOG_COMPILER_APPICON_NAME = AppIcon;
				CODE_SIGN_STYLE = Automatic;
				DEVELOPMENT_TEAM = C868KM7L9M;
				INFOPLIST_FILE = H2O/Info.plist;
				LD_RUNPATH_SEARCH_PATHS = (
					"$(inherited)",
					"@executable_path/Frameworks",
				);
				PRODUCT_BUNDLE_IDENTIFIER = oeldoronki80.H2O;
				PRODUCT_NAME = "$(TARGET_NAME)";
				SWIFT_VERSION = 5.0;
				TARGETED_DEVICE_FAMILY = "1,2";
			};
			name = Release;
		};
/* End XCBuildConfiguration section */

/* Begin XCConfigurationList section */
		784BF97E23CE401F0064DF30 /* Build configuration list for PBXProject "H2O" */ = {
			isa = XCConfigurationList;
			buildConfigurations = (
				784BF99523CE40220064DF30 /* Debug */,
				784BF99623CE40220064DF30 /* Release */,
			);
			defaultConfigurationIsVisible = 0;
			defaultConfigurationName = Release;
		};
		784BF99723CE40220064DF30 /* Build configuration list for PBXNativeTarget "H2O" */ = {
			isa = XCConfigurationList;
			buildConfigurations = (
				784BF99823CE40220064DF30 /* Debug */,
				784BF99923CE40220064DF30 /* Release */,
			);
			defaultConfigurationIsVisible = 0;
			defaultConfigurationName = Release;
		};
/* End XCConfigurationList section */
	};
	rootObject = 784BF97B23CE401F0064DF30 /* Project object */;
}
